// !$*UTF8*$!
{
	archiveVersion = 1;
	classes = {
	};
	objectVersion = 55;
	objects = {

/* Begin PBXBuildFile section */
		82E237C327065374006DAE46 /* AppDelegate.swift in Sources */ = {isa = PBXBuildFile; fileRef = 82E237C227065374006DAE46 /* AppDelegate.swift */; };
		82E237C527065374006DAE46 /* SceneDelegate.swift in Sources */ = {isa = PBXBuildFile; fileRef = 82E237C427065374006DAE46 /* SceneDelegate.swift */; };
		82E237C727065374006DAE46 /* ViewController.swift in Sources */ = {isa = PBXBuildFile; fileRef = 82E237C627065374006DAE46 /* ViewController.swift */; };
		82E237CA27065374006DAE46 /* Main.storyboard in Resources */ = {isa = PBXBuildFile; fileRef = 82E237C827065374006DAE46 /* Main.storyboard */; };
		82E237CC27065378006DAE46 /* Assets.xcassets in Resources */ = {isa = PBXBuildFile; fileRef = 82E237CB27065378006DAE46 /* Assets.xcassets */; };
		82E237CF27065378006DAE46 /* LaunchScreen.storyboard in Resources */ = {isa = PBXBuildFile; fileRef = 82E237CD27065378006DAE46 /* LaunchScreen.storyboard */; };
		82E237DA27065378006DAE46 /* mindera_test_marcelo_garciaTests.swift in Sources */ = {isa = PBXBuildFile; fileRef = 82E237D927065378006DAE46 /* mindera_test_marcelo_garciaTests.swift */; };
		82E237E427065378006DAE46 /* mindera_test_marcelo_garciaUITests.swift in Sources */ = {isa = PBXBuildFile; fileRef = 82E237E327065378006DAE46 /* mindera_test_marcelo_garciaUITests.swift */; };
		82E237E627065378006DAE46 /* mindera_test_marcelo_garciaUITestsLaunchTests.swift in Sources */ = {isa = PBXBuildFile; fileRef = 82E237E527065378006DAE46 /* mindera_test_marcelo_garciaUITestsLaunchTests.swift */; };
/* End PBXBuildFile section */

/* Begin PBXContainerItemProxy section */
		82E237D627065378006DAE46 /* PBXContainerItemProxy */ = {
			isa = PBXContainerItemProxy;
			containerPortal = 82E237B727065374006DAE46 /* Project object */;
			proxyType = 1;
			remoteGlobalIDString = 82E237BE27065374006DAE46;
			remoteInfo = "mindera-test-marcelo-garcia";
		};
		82E237E027065378006DAE46 /* PBXContainerItemProxy */ = {
			isa = PBXContainerItemProxy;
			containerPortal = 82E237B727065374006DAE46 /* Project object */;
			proxyType = 1;
			remoteGlobalIDString = 82E237BE27065374006DAE46;
			remoteInfo = "mindera-test-marcelo-garcia";
		};
/* End PBXContainerItemProxy section */

/* Begin PBXFileReference section */
		82E237BF27065374006DAE46 /* mindera-test-marcelo-garcia.app */ = {isa = PBXFileReference; explicitFileType = wrapper.application; includeInIndex = 0; path = "mindera-test-marcelo-garcia.app"; sourceTree = BUILT_PRODUCTS_DIR; };
		82E237C227065374006DAE46 /* AppDelegate.swift */ = {isa = PBXFileReference; lastKnownFileType = sourcecode.swift; path = AppDelegate.swift; sourceTree = "<group>"; };
		82E237C427065374006DAE46 /* SceneDelegate.swift */ = {isa = PBXFileReference; lastKnownFileType = sourcecode.swift; path = SceneDelegate.swift; sourceTree = "<group>"; };
		82E237C627065374006DAE46 /* ViewController.swift */ = {isa = PBXFileReference; lastKnownFileType = sourcecode.swift; path = ViewController.swift; sourceTree = "<group>"; };
		82E237C927065374006DAE46 /* Base */ = {isa = PBXFileReference; lastKnownFileType = file.storyboard; name = Base; path = Base.lproj/Main.storyboard; sourceTree = "<group>"; };
		82E237CB27065378006DAE46 /* Assets.xcassets */ = {isa = PBXFileReference; lastKnownFileType = folder.assetcatalog; path = Assets.xcassets; sourceTree = "<group>"; };
		82E237CE27065378006DAE46 /* Base */ = {isa = PBXFileReference; lastKnownFileType = file.storyboard; name = Base; path = Base.lproj/LaunchScreen.storyboard; sourceTree = "<group>"; };
		82E237D027065378006DAE46 /* Info.plist */ = {isa = PBXFileReference; lastKnownFileType = text.plist.xml; path = Info.plist; sourceTree = "<group>"; };
		82E237D527065378006DAE46 /* mindera-test-marcelo-garciaTests.xctest */ = {isa = PBXFileReference; explicitFileType = wrapper.cfbundle; includeInIndex = 0; path = "mindera-test-marcelo-garciaTests.xctest"; sourceTree = BUILT_PRODUCTS_DIR; };
		82E237D927065378006DAE46 /* mindera_test_marcelo_garciaTests.swift */ = {isa = PBXFileReference; lastKnownFileType = sourcecode.swift; path = mindera_test_marcelo_garciaTests.swift; sourceTree = "<group>"; };
		82E237DF27065378006DAE46 /* mindera-test-marcelo-garciaUITests.xctest */ = {isa = PBXFileReference; explicitFileType = wrapper.cfbundle; includeInIndex = 0; path = "mindera-test-marcelo-garciaUITests.xctest"; sourceTree = BUILT_PRODUCTS_DIR; };
		82E237E327065378006DAE46 /* mindera_test_marcelo_garciaUITests.swift */ = {isa = PBXFileReference; lastKnownFileType = sourcecode.swift; path = mindera_test_marcelo_garciaUITests.swift; sourceTree = "<group>"; };
		82E237E527065378006DAE46 /* mindera_test_marcelo_garciaUITestsLaunchTests.swift */ = {isa = PBXFileReference; lastKnownFileType = sourcecode.swift; path = mindera_test_marcelo_garciaUITestsLaunchTests.swift; sourceTree = "<group>"; };
/* End PBXFileReference section */

/* Begin PBXFrameworksBuildPhase section */
		82E237BC27065374006DAE46 /* Frameworks */ = {
			isa = PBXFrameworksBuildPhase;
			buildActionMask = 2147483647;
			files = (
			);
			runOnlyForDeploymentPostprocessing = 0;
		};
		82E237D227065378006DAE46 /* Frameworks */ = {
			isa = PBXFrameworksBuildPhase;
			buildActionMask = 2147483647;
			files = (
			);
			runOnlyForDeploymentPostprocessing = 0;
		};
		82E237DC27065378006DAE46 /* Frameworks */ = {
			isa = PBXFrameworksBuildPhase;
			buildActionMask = 2147483647;
			files = (
			);
			runOnlyForDeploymentPostprocessing = 0;
		};
/* End PBXFrameworksBuildPhase section */

/* Begin PBXGroup section */
		82E237B627065374006DAE46 = {
			isa = PBXGroup;
			children = (
				82E237C127065374006DAE46 /* mindera-test-marcelo-garcia */,
				82E237D827065378006DAE46 /* mindera-test-marcelo-garciaTests */,
				82E237E227065378006DAE46 /* mindera-test-marcelo-garciaUITests */,
				82E237C027065374006DAE46 /* Products */,
			);
			sourceTree = "<group>";
		};
		82E237C027065374006DAE46 /* Products */ = {
			isa = PBXGroup;
			children = (
				82E237BF27065374006DAE46 /* mindera-test-marcelo-garcia.app */,
				82E237D527065378006DAE46 /* mindera-test-marcelo-garciaTests.xctest */,
				82E237DF27065378006DAE46 /* mindera-test-marcelo-garciaUITests.xctest */,
			);
			name = Products;
			sourceTree = "<group>";
		};
		82E237C127065374006DAE46 /* mindera-test-marcelo-garcia */ = {
			isa = PBXGroup;
			children = (
				82E237C227065374006DAE46 /* AppDelegate.swift */,
				82E237C427065374006DAE46 /* SceneDelegate.swift */,
				82E237C627065374006DAE46 /* ViewController.swift */,
				82E237C827065374006DAE46 /* Main.storyboard */,
				82E237CB27065378006DAE46 /* Assets.xcassets */,
				82E237CD27065378006DAE46 /* LaunchScreen.storyboard */,
				82E237D027065378006DAE46 /* Info.plist */,
			);
			path = "mindera-test-marcelo-garcia";
			sourceTree = "<group>";
		};
		82E237D827065378006DAE46 /* mindera-test-marcelo-garciaTests */ = {
			isa = PBXGroup;
			children = (
				82E237D927065378006DAE46 /* mindera_test_marcelo_garciaTests.swift */,
			);
			path = "mindera-test-marcelo-garciaTests";
			sourceTree = "<group>";
		};
		82E237E227065378006DAE46 /* mindera-test-marcelo-garciaUITests */ = {
			isa = PBXGroup;
			children = (
				82E237E327065378006DAE46 /* mindera_test_marcelo_garciaUITests.swift */,
				82E237E527065378006DAE46 /* mindera_test_marcelo_garciaUITestsLaunchTests.swift */,
			);
			path = "mindera-test-marcelo-garciaUITests";
			sourceTree = "<group>";
		};
/* End PBXGroup section */

/* Begin PBXNativeTarget section */
		82E237BE27065374006DAE46 /* mindera-test-marcelo-garcia */ = {
			isa = PBXNativeTarget;
			buildConfigurationList = 82E237E927065378006DAE46 /* Build configuration list for PBXNativeTarget "mindera-test-marcelo-garcia" */;
			buildPhases = (
				82E237BB27065374006DAE46 /* Sources */,
				82E237BC27065374006DAE46 /* Frameworks */,
				82E237BD27065374006DAE46 /* Resources */,
			);
			buildRules = (
			);
			dependencies = (
			);
			name = "mindera-test-marcelo-garcia";
			productName = "mindera-test-marcelo-garcia";
			productReference = 82E237BF27065374006DAE46 /* mindera-test-marcelo-garcia.app */;
			productType = "com.apple.product-type.application";
		};
		82E237D427065378006DAE46 /* mindera-test-marcelo-garciaTests */ = {
			isa = PBXNativeTarget;
			buildConfigurationList = 82E237EC27065378006DAE46 /* Build configuration list for PBXNativeTarget "mindera-test-marcelo-garciaTests" */;
			buildPhases = (
				82E237D127065378006DAE46 /* Sources */,
				82E237D227065378006DAE46 /* Frameworks */,
				82E237D327065378006DAE46 /* Resources */,
			);
			buildRules = (
			);
			dependencies = (
				82E237D727065378006DAE46 /* PBXTargetDependency */,
			);
			name = "mindera-test-marcelo-garciaTests";
			productName = "mindera-test-marcelo-garciaTests";
			productReference = 82E237D527065378006DAE46 /* mindera-test-marcelo-garciaTests.xctest */;
			productType = "com.apple.product-type.bundle.unit-test";
		};
		82E237DE27065378006DAE46 /* mindera-test-marcelo-garciaUITests */ = {
			isa = PBXNativeTarget;
			buildConfigurationList = 82E237EF27065378006DAE46 /* Build configuration list for PBXNativeTarget "mindera-test-marcelo-garciaUITests" */;
			buildPhases = (
				82E237DB27065378006DAE46 /* Sources */,
				82E237DC27065378006DAE46 /* Frameworks */,
				82E237DD27065378006DAE46 /* Resources */,
			);
			buildRules = (
			);
			dependencies = (
				82E237E127065378006DAE46 /* PBXTargetDependency */,
			);
			name = "mindera-test-marcelo-garciaUITests";
			productName = "mindera-test-marcelo-garciaUITests";
			productReference = 82E237DF27065378006DAE46 /* mindera-test-marcelo-garciaUITests.xctest */;
			productType = "com.apple.product-type.bundle.ui-testing";
		};
/* End PBXNativeTarget section */

/* Begin PBXProject section */
		82E237B727065374006DAE46 /* Project object */ = {
			isa = PBXProject;
			attributes = {
				BuildIndependentTargetsInParallel = 1;
				LastSwiftUpdateCheck = 1300;
				LastUpgradeCheck = 1300;
				TargetAttributes = {
					82E237BE27065374006DAE46 = {
						CreatedOnToolsVersion = 13.0;
					};
					82E237D427065378006DAE46 = {
						CreatedOnToolsVersion = 13.0;
						TestTargetID = 82E237BE27065374006DAE46;
					};
					82E237DE27065378006DAE46 = {
						CreatedOnToolsVersion = 13.0;
						TestTargetID = 82E237BE27065374006DAE46;
					};
				};
			};
			buildConfigurationList = 82E237BA27065374006DAE46 /* Build configuration list for PBXProject "mindera-test-marcelo-garcia" */;
			compatibilityVersion = "Xcode 13.0";
			developmentRegion = en;
			hasScannedForEncodings = 0;
			knownRegions = (
				en,
				Base,
			);
			mainGroup = 82E237B627065374006DAE46;
			productRefGroup = 82E237C027065374006DAE46 /* Products */;
			projectDirPath = "";
			projectRoot = "";
			targets = (
				82E237BE27065374006DAE46 /* mindera-test-marcelo-garcia */,
				82E237D427065378006DAE46 /* mindera-test-marcelo-garciaTests */,
				82E237DE27065378006DAE46 /* mindera-test-marcelo-garciaUITests */,
			);
		};
/* End PBXProject section */

/* Begin PBXResourcesBuildPhase section */
		82E237BD27065374006DAE46 /* Resources */ = {
			isa = PBXResourcesBuildPhase;
			buildActionMask = 2147483647;
			files = (
				82E237CF27065378006DAE46 /* LaunchScreen.storyboard in Resources */,
				82E237CC27065378006DAE46 /* Assets.xcassets in Resources */,
				82E237CA27065374006DAE46 /* Main.storyboard in Resources */,
			);
			runOnlyForDeploymentPostprocessing = 0;
		};
		82E237D327065378006DAE46 /* Resources */ = {
			isa = PBXResourcesBuildPhase;
			buildActionMask = 2147483647;
			files = (
			);
			runOnlyForDeploymentPostprocessing = 0;
		};
		82E237DD27065378006DAE46 /* Resources */ = {
			isa = PBXResourcesBuildPhase;
			buildActionMask = 2147483647;
			files = (
			);
			runOnlyForDeploymentPostprocessing = 0;
		};
/* End PBXResourcesBuildPhase section */

/* Begin PBXSourcesBuildPhase section */
		82E237BB27065374006DAE46 /* Sources */ = {
			isa = PBXSourcesBuildPhase;
			buildActionMask = 2147483647;
			files = (
				82E237C727065374006DAE46 /* ViewController.swift in Sources */,
				82E237C327065374006DAE46 /* AppDelegate.swift in Sources */,
				82E237C527065374006DAE46 /* SceneDelegate.swift in Sources */,
			);
			runOnlyForDeploymentPostprocessing = 0;
		};
		82E237D127065378006DAE46 /* Sources */ = {
			isa = PBXSourcesBuildPhase;
			buildActionMask = 2147483647;
			files = (
				82E237DA27065378006DAE46 /* mindera_test_marcelo_garciaTests.swift in Sources */,
			);
			runOnlyForDeploymentPostprocessing = 0;
		};
		82E237DB27065378006DAE46 /* Sources */ = {
			isa = PBXSourcesBuildPhase;
			buildActionMask = 2147483647;
			files = (
				82E237E627065378006DAE46 /* mindera_test_marcelo_garciaUITestsLaunchTests.swift in Sources */,
				82E237E427065378006DAE46 /* mindera_test_marcelo_garciaUITests.swift in Sources */,
			);
			runOnlyForDeploymentPostprocessing = 0;
		};
/* End PBXSourcesBuildPhase section */

/* Begin PBXTargetDependency section */
		82E237D727065378006DAE46 /* PBXTargetDependency */ = {
			isa = PBXTargetDependency;
			target = 82E237BE27065374006DAE46 /* mindera-test-marcelo-garcia */;
			targetProxy = 82E237D627065378006DAE46 /* PBXContainerItemProxy */;
		};
		82E237E127065378006DAE46 /* PBXTargetDependency */ = {
			isa = PBXTargetDependency;
			target = 82E237BE27065374006DAE46 /* mindera-test-marcelo-garcia */;
			targetProxy = 82E237E027065378006DAE46 /* PBXContainerItemProxy */;
		};
/* End PBXTargetDependency section */

/* Begin PBXVariantGroup section */
		82E237C827065374006DAE46 /* Main.storyboard */ = {
			isa = PBXVariantGroup;
			children = (
				82E237C927065374006DAE46 /* Base */,
			);
			name = Main.storyboard;
			sourceTree = "<group>";
		};
		82E237CD27065378006DAE46 /* LaunchScreen.storyboard */ = {
			isa = PBXVariantGroup;
			children = (
				82E237CE27065378006DAE46 /* Base */,
			);
			name = LaunchScreen.storyboard;
			sourceTree = "<group>";
		};
/* End PBXVariantGroup section */

/* Begin XCBuildConfiguration section */
		82E237E727065378006DAE46 /* Debug */ = {
			isa = XCBuildConfiguration;
			buildSettings = {
				ALWAYS_SEARCH_USER_PATHS = NO;
				CLANG_ANALYZER_NONNULL = YES;
				CLANG_ANALYZER_NUMBER_OBJECT_CONVERSION = YES_AGGRESSIVE;
				CLANG_CXX_LANGUAGE_STANDARD = "gnu++17";
				CLANG_CXX_LIBRARY = "libc++";
				CLANG_ENABLE_MODULES = YES;
				CLANG_ENABLE_OBJC_ARC = YES;
				CLANG_ENABLE_OBJC_WEAK = YES;
				CLANG_WARN_BLOCK_CAPTURE_AUTORELEASING = YES;
				CLANG_WARN_BOOL_CONVERSION = YES;
				CLANG_WARN_COMMA = YES;
				CLANG_WARN_CONSTANT_CONVERSION = YES;
				CLANG_WARN_DEPRECATED_OBJC_IMPLEMENTATIONS = YES;
				CLANG_WARN_DIRECT_OBJC_ISA_USAGE = YES_ERROR;
				CLANG_WARN_DOCUMENTATION_COMMENTS = YES;
				CLANG_WARN_EMPTY_BODY = YES;
				CLANG_WARN_ENUM_CONVERSION = YES;
				CLANG_WARN_INFINITE_RECURSION = YES;
				CLANG_WARN_INT_CONVERSION = YES;
				CLANG_WARN_NON_LITERAL_NULL_CONVERSION = YES;
				CLANG_WARN_OBJC_IMPLICIT_RETAIN_SELF = YES;
				CLANG_WARN_OBJC_LITERAL_CONVERSION = YES;
				CLANG_WARN_OBJC_ROOT_CLASS = YES_ERROR;
				CLANG_WARN_QUOTED_INCLUDE_IN_FRAMEWORK_HEADER = YES;
				CLANG_WARN_RANGE_LOOP_ANALYSIS = YES;
				CLANG_WARN_STRICT_PROTOTYPES = YES;
				CLANG_WARN_SUSPICIOUS_MOVE = YES;
				CLANG_WARN_UNGUARDED_AVAILABILITY = YES_AGGRESSIVE;
				CLANG_WARN_UNREACHABLE_CODE = YES;
				CLANG_WARN__DUPLICATE_METHOD_MATCH = YES;
				COPY_PHASE_STRIP = NO;
				DEBUG_INFORMATION_FORMAT = dwarf;
				ENABLE_STRICT_OBJC_MSGSEND = YES;
				ENABLE_TESTABILITY = YES;
				GCC_C_LANGUAGE_STANDARD = gnu11;
				GCC_DYNAMIC_NO_PIC = NO;
				GCC_NO_COMMON_BLOCKS = YES;
				GCC_OPTIMIZATION_LEVEL = 0;
				GCC_PREPROCESSOR_DEFINITIONS = (
					"DEBUG=1",
					"$(inherited)",
				);
				GCC_WARN_64_TO_32_BIT_CONVERSION = YES;
				GCC_WARN_ABOUT_RETURN_TYPE = YES_ERROR;
				GCC_WARN_UNDECLARED_SELECTOR = YES;
				GCC_WARN_UNINITIALIZED_AUTOS = YES_AGGRESSIVE;
				GCC_WARN_UNUSED_FUNCTION = YES;
				GCC_WARN_UNUSED_VARIABLE = YES;
				IPHONEOS_DEPLOYMENT_TARGET = 15.0;
				MTL_ENABLE_DEBUG_INFO = INCLUDE_SOURCE;
				MTL_FAST_MATH = YES;
				ONLY_ACTIVE_ARCH = YES;
				SDKROOT = iphoneos;
				SWIFT_ACTIVE_COMPILATION_CONDITIONS = DEBUG;
				SWIFT_OPTIMIZATION_LEVEL = "-Onone";
			};
			name = Debug;
		};
		82E237E827065378006DAE46 /* Release */ = {
			isa = XCBuildConfiguration;
			buildSettings = {
				ALWAYS_SEARCH_USER_PATHS = NO;
				CLANG_ANALYZER_NONNULL = YES;
				CLANG_ANALYZER_NUMBER_OBJECT_CONVERSION = YES_AGGRESSIVE;
				CLANG_CXX_LANGUAGE_STANDARD = "gnu++17";
				CLANG_CXX_LIBRARY = "libc++";
				CLANG_ENABLE_MODULES = YES;
				CLANG_ENABLE_OBJC_ARC = YES;
				CLANG_ENABLE_OBJC_WEAK = YES;
				CLANG_WARN_BLOCK_CAPTURE_AUTORELEASING = YES;
				CLANG_WARN_BOOL_CONVERSION = YES;
				CLANG_WARN_COMMA = YES;
				CLANG_WARN_CONSTANT_CONVERSION = YES;
				CLANG_WARN_DEPRECATED_OBJC_IMPLEMENTATIONS = YES;
				CLANG_WARN_DIRECT_OBJC_ISA_USAGE = YES_ERROR;
				CLANG_WARN_DOCUMENTATION_COMMENTS = YES;
				CLANG_WARN_EMPTY_BODY = YES;
				CLANG_WARN_ENUM_CONVERSION = YES;
				CLANG_WARN_INFINITE_RECURSION = YES;
				CLANG_WARN_INT_CONVERSION = YES;
				CLANG_WARN_NON_LITERAL_NULL_CONVERSION = YES;
				CLANG_WARN_OBJC_IMPLICIT_RETAIN_SELF = YES;
				CLANG_WARN_OBJC_LITERAL_CONVERSION = YES;
				CLANG_WARN_OBJC_ROOT_CLASS = YES_ERROR;
				CLANG_WARN_QUOTED_INCLUDE_IN_FRAMEWORK_HEADER = YES;
				CLANG_WARN_RANGE_LOOP_ANALYSIS = YES;
				CLANG_WARN_STRICT_PROTOTYPES = YES;
				CLANG_WARN_SUSPICIOUS_MOVE = YES;
				CLANG_WARN_UNGUARDED_AVAILABILITY = YES_AGGRESSIVE;
				CLANG_WARN_UNREACHABLE_CODE = YES;
				CLANG_WARN__DUPLICATE_METHOD_MATCH = YES;
				COPY_PHASE_STRIP = NO;
				DEBUG_INFORMATION_FORMAT = "dwarf-with-dsym";
				ENABLE_NS_ASSERTIONS = NO;
				ENABLE_STRICT_OBJC_MSGSEND = YES;
				GCC_C_LANGUAGE_STANDARD = gnu11;
				GCC_NO_COMMON_BLOCKS = YES;
				GCC_WARN_64_TO_32_BIT_CONVERSION = YES;
				GCC_WARN_ABOUT_RETURN_TYPE = YES_ERROR;
				GCC_WARN_UNDECLARED_SELECTOR = YES;
				GCC_WARN_UNINITIALIZED_AUTOS = YES_AGGRESSIVE;
				GCC_WARN_UNUSED_FUNCTION = YES;
				GCC_WARN_UNUSED_VARIABLE = YES;
				IPHONEOS_DEPLOYMENT_TARGET = 15.0;
				MTL_ENABLE_DEBUG_INFO = NO;
				MTL_FAST_MATH = YES;
				SDKROOT = iphoneos;
				SWIFT_COMPILATION_MODE = wholemodule;
				SWIFT_OPTIMIZATION_LEVEL = "-O";
				VALIDATE_PRODUCT = YES;
			};
			name = Release;
		};
		82E237EA27065378006DAE46 /* Debug */ = {
			isa = XCBuildConfiguration;
			buildSettings = {
				ASSETCATALOG_COMPILER_APPICON_NAME = AppIcon;
				ASSETCATALOG_COMPILER_GLOBAL_ACCENT_COLOR_NAME = AccentColor;
				CODE_SIGN_STYLE = Automatic;
				CURRENT_PROJECT_VERSION = 1;
				DEVELOPMENT_TEAM = K8U7YB9SFY;
				GENERATE_INFOPLIST_FILE = YES;
				INFOPLIST_FILE = "mindera-test-marcelo-garcia/Info.plist";
				INFOPLIST_KEY_UIApplicationSupportsIndirectInputEvents = YES;
				INFOPLIST_KEY_UILaunchStoryboardName = LaunchScreen;
				INFOPLIST_KEY_UIMainStoryboardFile = Main;
				INFOPLIST_KEY_UISupportedInterfaceOrientations_iPad = "UIInterfaceOrientationPortrait UIInterfaceOrientationPortraitUpsideDown UIInterfaceOrientationLandscapeLeft UIInterfaceOrientationLandscapeRight";
				INFOPLIST_KEY_UISupportedInterfaceOrientations_iPhone = "UIInterfaceOrientationPortrait UIInterfaceOrientationLandscapeLeft UIInterfaceOrientationLandscapeRight";
				LD_RUNPATH_SEARCH_PATHS = (
					"$(inherited)",
					"@executable_path/Frameworks",
				);
				MARKETING_VERSION = 1.0;
				PRODUCT_BUNDLE_IDENTIFIER = "com.mindera-test-marcelo-garcia";
				PRODUCT_NAME = "$(TARGET_NAME)";
				SWIFT_EMIT_LOC_STRINGS = YES;
				SWIFT_VERSION = 5.0;
				TARGETED_DEVICE_FAMILY = "1,2";
			};
			name = Debug;
		};
		82E237EB27065378006DAE46 /* Release */ = {
			isa = XCBuildConfiguration;
			buildSettings = {
				ASSETCATALOG_COMPILER_APPICON_NAME = AppIcon;
				ASSETCATALOG_COMPILER_GLOBAL_ACCENT_COLOR_NAME = AccentColor;
				CODE_SIGN_STYLE = Automatic;
				CURRENT_PROJECT_VERSION = 1;
				DEVELOPMENT_TEAM = K8U7YB9SFY;
				GENERATE_INFOPLIST_FILE = YES;
				INFOPLIST_FILE = "mindera-test-marcelo-garcia/Info.plist";
				INFOPLIST_KEY_UIApplicationSupportsIndirectInputEvents = YES;
				INFOPLIST_KEY_UILaunchStoryboardName = LaunchScreen;
				INFOPLIST_KEY_UIMainStoryboardFile = Main;
				INFOPLIST_KEY_UISupportedInterfaceOrientations_iPad = "UIInterfaceOrientationPortrait UIInterfaceOrientationPortraitUpsideDown UIInterfaceOrientationLandscapeLeft UIInterfaceOrientationLandscapeRight";
				INFOPLIST_KEY_UISupportedInterfaceOrientations_iPhone = "UIInterfaceOrientationPortrait UIInterfaceOrientationLandscapeLeft UIInterfaceOrientationLandscapeRight";
				LD_RUNPATH_SEARCH_PATHS = (
					"$(inherited)",
					"@executable_path/Frameworks",
				);
				MARKETING_VERSION = 1.0;
				PRODUCT_BUNDLE_IDENTIFIER = "com.mindera-test-marcelo-garcia";
				PRODUCT_NAME = "$(TARGET_NAME)";
				SWIFT_EMIT_LOC_STRINGS = YES;
				SWIFT_VERSION = 5.0;
				TARGETED_DEVICE_FAMILY = "1,2";
			};
			name = Release;
		};
		82E237ED27065378006DAE46 /* Debug */ = {
			isa = XCBuildConfiguration;
			buildSettings = {
				ALWAYS_EMBED_SWIFT_STANDARD_LIBRARIES = YES;
				BUNDLE_LOADER = "$(TEST_HOST)";
				CODE_SIGN_STYLE = Automatic;
				CURRENT_PROJECT_VERSION = 1;
				DEVELOPMENT_TEAM = K8U7YB9SFY;
				GENERATE_INFOPLIST_FILE = YES;
				IPHONEOS_DEPLOYMENT_TARGET = 15.0;
				LD_RUNPATH_SEARCH_PATHS = (
					"$(inherited)",
					"@executable_path/Frameworks",
					"@loader_path/Frameworks",
				);
				MARKETING_VERSION = 1.0;
				PRODUCT_BUNDLE_IDENTIFIER = "com.mindera-test-marcelo-garciaTests";
				PRODUCT_NAME = "$(TARGET_NAME)";
				SWIFT_EMIT_LOC_STRINGS = NO;
				SWIFT_VERSION = 5.0;
				TARGETED_DEVICE_FAMILY = "1,2";
				TEST_HOST = "$(BUILT_PRODUCTS_DIR)/mindera-test-marcelo-garcia.app/mindera-test-marcelo-garcia";
			};
			name = Debug;
		};
		82E237EE27065378006DAE46 /* Release */ = {
			isa = XCBuildConfiguration;
			buildSettings = {
				ALWAYS_EMBED_SWIFT_STANDARD_LIBRARIES = YES;
				BUNDLE_LOADER = "$(TEST_HOST)";
				CODE_SIGN_STYLE = Automatic;
				CURRENT_PROJECT_VERSION = 1;
				DEVELOPMENT_TEAM = K8U7YB9SFY;
				GENERATE_INFOPLIST_FILE = YES;
				IPHONEOS_DEPLOYMENT_TARGET = 15.0;
				LD_RUNPATH_SEARCH_PATHS = (
					"$(inherited)",
					"@executable_path/Frameworks",
					"@loader_path/Frameworks",
				);
				MARKETING_VERSION = 1.0;
				PRODUCT_BUNDLE_IDENTIFIER = "com.mindera-test-marcelo-garciaTests";
				PRODUCT_NAME = "$(TARGET_NAME)";
				SWIFT_EMIT_LOC_STRINGS = NO;
				SWIFT_VERSION = 5.0;
				TARGETED_DEVICE_FAMILY = "1,2";
				TEST_HOST = "$(BUILT_PRODUCTS_DIR)/mindera-test-marcelo-garcia.app/mindera-test-marcelo-garcia";
			};
			name = Release;
		};
		82E237F027065378006DAE46 /* Debug */ = {
			isa = XCBuildConfiguration;
			buildSettings = {
				ALWAYS_EMBED_SWIFT_STANDARD_LIBRARIES = YES;
				CODE_SIGN_STYLE = Automatic;
				CURRENT_PROJECT_VERSION = 1;
				DEVELOPMENT_TEAM = K8U7YB9SFY;
				GENERATE_INFOPLIST_FILE = YES;
				LD_RUNPATH_SEARCH_PATHS = (
					"$(inherited)",
					"@executable_path/Frameworks",
					"@loader_path/Frameworks",
				);
				MARKETING_VERSION = 1.0;
				PRODUCT_BUNDLE_IDENTIFIER = "com.mindera-test-marcelo-garciaUITests";
				PRODUCT_NAME = "$(TARGET_NAME)";
				SWIFT_EMIT_LOC_STRINGS = NO;
				SWIFT_VERSION = 5.0;
				TARGETED_DEVICE_FAMILY = "1,2";
				TEST_TARGET_NAME = "mindera-test-marcelo-garcia";
			};
			name = Debug;
		};
		82E237F127065378006DAE46 /* Release */ = {
			isa = XCBuildConfiguration;
			buildSettings = {
				ALWAYS_EMBED_SWIFT_STANDARD_LIBRARIES = YES;
				CODE_SIGN_STYLE = Automatic;
				CURRENT_PROJECT_VERSION = 1;
				DEVELOPMENT_TEAM = K8U7YB9SFY;
				GENERATE_INFOPLIST_FILE = YES;
				LD_RUNPATH_SEARCH_PATHS = (
					"$(inherited)",
					"@executable_path/Frameworks",
					"@loader_path/Frameworks",
				);
				MARKETING_VERSION = 1.0;
				PRODUCT_BUNDLE_IDENTIFIER = "com.mindera-test-marcelo-garciaUITests";
				PRODUCT_NAME = "$(TARGET_NAME)";
				SWIFT_EMIT_LOC_STRINGS = NO;
				SWIFT_VERSION = 5.0;
				TARGETED_DEVICE_FAMILY = "1,2";
				TEST_TARGET_NAME = "mindera-test-marcelo-garcia";
			};
			name = Release;
		};
/* End XCBuildConfiguration section */

/* Begin XCConfigurationList section */
		82E237BA27065374006DAE46 /* Build configuration list for PBXProject "mindera-test-marcelo-garcia" */ = {
			isa = XCConfigurationList;
			buildConfigurations = (
				82E237E727065378006DAE46 /* Debug */,
				82E237E827065378006DAE46 /* Release */,
			);
			defaultConfigurationIsVisible = 0;
			defaultConfigurationName = Release;
		};
		82E237E927065378006DAE46 /* Build configuration list for PBXNativeTarget "mindera-test-marcelo-garcia" */ = {
			isa = XCConfigurationList;
			buildConfigurations = (
				82E237EA27065378006DAE46 /* Debug */,
				82E237EB27065378006DAE46 /* Release */,
			);
			defaultConfigurationIsVisible = 0;
			defaultConfigurationName = Release;
		};
		82E237EC27065378006DAE46 /* Build configuration list for PBXNativeTarget "mindera-test-marcelo-garciaTests" */ = {
			isa = XCConfigurationList;
			buildConfigurations = (
				82E237ED27065378006DAE46 /* Debug */,
				82E237EE27065378006DAE46 /* Release */,
			);
			defaultConfigurationIsVisible = 0;
			defaultConfigurationName = Release;
		};
		82E237EF27065378006DAE46 /* Build configuration list for PBXNativeTarget "mindera-test-marcelo-garciaUITests" */ = {
			isa = XCConfigurationList;
			buildConfigurations = (
				82E237F027065378006DAE46 /* Debug */,
				82E237F127065378006DAE46 /* Release */,
			);
			defaultConfigurationIsVisible = 0;
			defaultConfigurationName = Release;
		};
/* End XCConfigurationList section */
	};
	rootObject = 82E237B727065374006DAE46 /* Project object */;
}
